dependencies:
  idf:
    component_hash: null
    source:
      type: idf
    version: 5.2.1
  nimble_peripheral_utils:
    component_hash: null
    source:
      path: /config/esp-idf/examples/bluetooth/nimble/common/nimble_peripheral_utils
      type: local
    version: '*'
manifest_hash: 1f98af1d0fd3e53b0a8a43a27bcedada2ffe003c9f871e01c9aa785b290e0afc
target: esp32s3
version: 1.0.0
